
Microsoft Visual Studio Solution File, Format Version 12.00
# Visual Studio Version 17
VisualStudioVersion = 17.9.34723.18
MinimumVisualStudioVersion = 10.0.40219.1
Project("{9A19103F-16F7-4668-BE54-9A1E7A4F7556}") = "CarShopManagementData", "CarShopManagement\CarShopManagementData.csproj", "{7D2D9E10-101E-4F12-ABA8-416F1FAC0C88}"
EndProject
Project("{9A19103F-16F7-4668-BE54-9A1E7A4F7556}") = "CarShopManagementModels", "CarShopManagementModels\CarShopManagementModels.csproj", "{DEB12431-E604-4541-8535-D06202490EDE}"
EndProject
Project("{9A19103F-16F7-4668-BE54-9A1E7A4F7556}") = "CarShopManagementServices", "CarShopManagementServices\CarShopManagementServices.csproj", "{D74F4764-06F0-4492-BDFC-C8CC4D2EA09A}"
EndProject
Project("{FAE04EC0-301F-11D3-BF4B-00C04F79EFBC}") = "CarShopManagementUI", "CarShopManagementUI\CarShopManagementUI.csproj", "{EA0DFB61-98B4-44DA-BF9A-925D1C59CD7F}"
EndProject
Project("{FAE04EC0-301F-11D3-BF4B-00C04F79EFBC}") = "CarShopApi", "CarShopApi\CarShopApi.csproj", "{B2D5F180-2ADE-4D4F-823A-A162C074515A}"
EndProject
Global
	GlobalSection(SolutionConfigurationPlatforms) = preSolution
		Debug|Any CPU = Debug|Any CPU
		Release|Any CPU = Release|Any CPU
	EndGlobalSection
	GlobalSection(ProjectConfigurationPlatforms) = postSolution
		{7D2D9E10-101E-4F12-ABA8-416F1FAC0C88}.Debug|Any CPU.ActiveCfg = Debug|Any CPU
		{7D2D9E10-101E-4F12-ABA8-416F1FAC0C88}.Debug|Any CPU.Build.0 = Debug|Any CPU
		{7D2D9E10-101E-4F12-ABA8-416F1FAC0C88}.Release|Any CPU.ActiveCfg = Release|Any CPU
		{7D2D9E10-101E-4F12-ABA8-416F1FAC0C88}.Release|Any CPU.Build.0 = Release|Any CPU
		{DEB12431-E604-4541-8535-D06202490EDE}.Debug|Any CPU.ActiveCfg = Debug|Any CPU
		{DEB12431-E604-4541-8535-D06202490EDE}.Debug|Any CPU.Build.0 = Debug|Any CPU
		{DEB12431-E604-4541-8535-D06202490EDE}.Release|Any CPU.ActiveCfg = Release|Any CPU
		{DEB12431-E604-4541-8535-D06202490EDE}.Release|Any CPU.Build.0 = Release|Any CPU
		{D74F4764-06F0-4492-BDFC-C8CC4D2EA09A}.Debug|Any CPU.ActiveCfg = Debug|Any CPU
		{D74F4764-06F0-4492-BDFC-C8CC4D2EA09A}.Debug|Any CPU.Build.0 = Debug|Any CPU
		{D74F4764-06F0-4492-BDFC-C8CC4D2EA09A}.Release|Any CPU.ActiveCfg = Release|Any CPU
		{D74F4764-06F0-4492-BDFC-C8CC4D2EA09A}.Release|Any CPU.Build.0 = Release|Any CPU
		{EA0DFB61-98B4-44DA-BF9A-925D1C59CD7F}.Debug|Any CPU.ActiveCfg = Debug|Any CPU
		{EA0DFB61-98B4-44DA-BF9A-925D1C59CD7F}.Debug|Any CPU.Build.0 = Debug|Any CPU
		{EA0DFB61-98B4-44DA-BF9A-925D1C59CD7F}.Release|Any CPU.ActiveCfg = Release|Any CPU
		{EA0DFB61-98B4-44DA-BF9A-925D1C59CD7F}.Release|Any CPU.Build.0 = Release|Any CPU
		{B2D5F180-2ADE-4D4F-823A-A162C074515A}.Debug|Any CPU.ActiveCfg = Debug|Any CPU
		{B2D5F180-2ADE-4D4F-823A-A162C074515A}.Debug|Any CPU.Build.0 = Debug|Any CPU
		{B2D5F180-2ADE-4D4F-823A-A162C074515A}.Release|Any CPU.ActiveCfg = Release|Any CPU
		{B2D5F180-2ADE-4D4F-823A-A162C074515A}.Release|Any CPU.Build.0 = Release|Any CPU
	EndGlobalSection
	GlobalSection(SolutionProperties) = preSolution
		HideSolutionNode = FALSE
	EndGlobalSection
	GlobalSection(ExtensibilityGlobals) = postSolution
		SolutionGuid = {82962E9D-0521-4E58-947C-1F768234ECC5}
	EndGlobalSection
EndGlobal
